version = 1
revision = 3
requires-python = "==3.12.*"

[[package]]
name = "dbus-python"
version = "1.4.0"
source = { registry = "https://pypi.org/simple" }
sdist = { url = "https://files.pythonhosted.org/packages/ff/24/63118050c7dd7be04b1ccd60eab53fef00abe844442e1b6dec92dae505d6/dbus-python-1.4.0.tar.gz", hash = "sha256:991666e498f60dbf3e49b8b7678f5559b8a65034fdf61aae62cdecdb7d89c770", size = 232490, upload-time = "2025-03-13T19:57:54.212Z" }

[[package]]
name = "librt"
version = "0.11.0"
source = { registry = "https://pypi.org/simple" }
sdist = { url = "https://files.pythonhosted.org/packages/40/08/9e7f6b5d2b5bed6ad055cdd5925f192bb403a51280f86b56554d9d0699a2/librt-0.11.0.tar.gz", hash = "sha256:075dc3ef4458a278e0195cbf6ac9d38808d9b906c5a6c7f7f79c3888276a3fb1", size = 200139, upload-time = "2026-05-10T18:17:25.138Z" }
wheels = [
    { url = "https://files.pythonhosted.org/packages/8b/d0/07c77e067f0838949b43bd89232c29d72efebb9d2801a9750184eb706b71/librt-0.11.0-cp312-cp312-macosx_10_13_x86_64.whl", hash = "sha256:b87504f1690a23b9a2cca841191a04f83895d4fc2dd04df91d82b1a04ca2ad46", size = 144147, upload-time = "2026-05-10T18:15:53.227Z" },
    { url = "https://files.pythonhosted.org/packages/7a/24/8493538fa4f62f982686398a5b8f68008138a75086abdea19ade64bf4255/librt-0.11.0-cp312-cp312-macosx_11_0_arm64.whl", hash = "sha256:40071fc5fe0ce8daa6de616702314a01e1250711682b0523d6ab8d4525910cb3", size = 143614, upload-time = "2026-05-10T18:15:54.657Z" },
    { url = "https://files.pythonhosted.org/packages/ff/1e/f8bad050810d9171f34a1648ed910e56814c2ba61639f2bd53c6377ae24b/librt-0.11.0-cp312-cp312-manylinux2014_aarch64.manylinux_2_17_aarch64.manylinux_2_28_aarch64.whl", hash = "sha256:137e79445c896a0ea7b265f52d23954e05b64222ee1af69e2cb34219067cbb67", size = 485538, upload-time = "2026-05-10T18:15:56.117Z" },
    { url = "https://files.pythonhosted.org/packages/c0/fe/3594ebfbaf03084ba4b120c9ba5c3183fd938a48725e9bbe6ff0a5159ad8/librt-0.11.0-cp312-cp312-manylinux2014_i686.manylinux_2_17_i686.manylinux_2_28_i686.whl", hash = "sha256:cca6644054e78746d8d4ef238681f9c34ff8b584fe6b988ecebb8db3b15e622a", size = 479623, upload-time = "2026-05-10T18:15:57.544Z" },
    { url = "https://files.pythonhosted.org/packages/b0/da/5d1876984b3746c85dbd219dbfcb73c85f54ee263fd32e5b2a632ec14571/librt-0.11.0-cp312-cp312-manylinux2014_x86_64.manylinux_2_17_x86_64.manylinux_2_28_x86_64.whl", hash = "sha256:d5b0eea49f5562861ee8d757a32ef7d559c1d35be2aaaa1ec28941d74c9ffc8a", size = 513082, upload-time = "2026-05-10T18:15:58.805Z" },
    { url = "https://files.pythonhosted.org/packages/19/6e/55bdf5d5ca00c3e18430690bf2c953d8d3ffd3c337418173d33dec985dc9/librt-0.11.0-cp312-cp312-manylinux_2_34_riscv64.manylinux_2_39_riscv64.whl", hash = "sha256:0d1029d7e1ae1a7e647ed6fb5df8c4ce2dffefb7a9f5fd1376a4554d96dac09f", size = 508105, upload-time = "2026-05-10T18:16:00.2Z" },
    { url = "https://files.pythonhosted.org/packages/07/10/f1f23a7c595ee90ece4d35c851e5d104b1311a887ed1b4ac4c35bbd13da8/librt-0.11.0-cp312-cp312-musllinux_1_2_aarch64.whl", hash = "sha256:bc3ce6b33c5828d9e80592011a5c584cb2ce86edbc4088405f70da47dc1d1b3b", size = 522268, upload-time = "2026-05-10T18:16:01.708Z" },
    { url = "https://files.pythonhosted.org/packages/b6/02/5720f5697a7f54b78b3aefbe20df3a48cedcff1276618c4aa481177942ed/librt-0.11.0-cp312-cp312-musllinux_1_2_i686.whl", hash = "sha256:936c5995f3514a42111f20099397d8177c79b4d7e70961e396c6f5a0a3566766", size = 527348, upload-time = "2026-05-10T18:16:03.496Z" },
    { url = "https://files.pythonhosted.org/packages/50/db/b4a47c6f91db4ff76348a0b3dd0cc65e090a078b765a810a62ff9434c3d3/librt-0.11.0-cp312-cp312-musllinux_1_2_riscv64.whl", hash = "sha256:9bc0ca6ad9381cbe8e4aa6e5726e4c80c78115a6e9723c599ed1d73e092bc49d", size = 516294, upload-time = "2026-05-10T18:16:05.173Z" },
    { url = "https://files.pythonhosted.org/packages/9e/58/9384b2f4eb1ed1d273d40948a7c5c4b2360213b402ef3be4641c06299f9c/librt-0.11.0-cp312-cp312-musllinux_1_2_x86_64.whl", hash = "sha256:070aa8c26c0a74774317a72df8851facc7f0f012a5b406557ac56992d92e1ec8", size = 553608, upload-time = "2026-05-10T18:16:06.839Z" },
    { url = "https://files.pythonhosted.org/packages/21/7b/5aa8848a7c6a9278c79375146da1812e695754ceec5f005e6043461a7315/librt-0.11.0-cp312-cp312-win32.whl", hash = "sha256:6bf14feb84b05ae945277395451998c89c54d0def4070eb5c08de544930b245a", size = 101879, upload-time = "2026-05-10T18:16:08.103Z" },
    { url = "https://files.pythonhosted.org/packages/37/33/8a745436944947575b584231750a41417de1a38cf6a2e9251d1065651c09/librt-0.11.0-cp312-cp312-win_amd64.whl", hash = "sha256:75672f0bc524ede266287d532d7923dbce94c7514ad07627bac3d0c6d92cc4d9", size = 119831, upload-time = "2026-05-10T18:16:09.174Z" },
    { url = "https://files.pythonhosted.org/packages/59/67/a6739ac96e28b7855808bdb0370e250606104a859750d209e5a0716fe7ab/librt-0.11.0-cp312-cp312-win_arm64.whl", hash = "sha256:2f10cf143e4a9bb0f4f5af568a00df94a2d69ef41c2579584454bb0fe5cc642c", size = 103470, upload-time = "2026-05-10T18:16:10.369Z" },
]

[[package]]
name = "mypy"
version = "1.20.2"
source = { registry = "https://pypi.org/simple" }
dependencies = [
    { name = "librt", marker = "platform_python_implementation != 'PyPy'" },
    { name = "mypy-extensions" },
    { name = "pathspec" },
    { name = "typing-extensions" },
]
sdist = { url = "https://files.pythonhosted.org/packages/04/af/e3d4b3e9ec91a0ff9aabfdb38692952acf49bbb899c2e4c29acb3a6da3ae/mypy-1.20.2.tar.gz", hash = "sha256:e8222c26daaafd9e8626dec58ae36029f82585890589576f769a650dd20fd665", size = 3817349, upload-time = "2026-04-21T17:12:28.473Z" }
wheels = [
    { url = "https://files.pythonhosted.org/packages/71/4e/7560e4528db9e9b147e4c0f22660466bf30a0a1fe3d63d1b9d3b0fd354ee/mypy-1.20.2-cp312-cp312-macosx_10_13_x86_64.whl", hash = "sha256:4dbfcf869f6b0517f70cf0030ba6ea1d6645e132337a7d5204a18d8d5636c02b", size = 14539393, upload-time = "2026-04-21T17:07:12.52Z" },
    { url = "https://files.pythonhosted.org/packages/32/d9/34a5efed8124f5a9234f55ac6a4ced4201e2c5b81e1109c49ad23190ec8c/mypy-1.20.2-cp312-cp312-macosx_11_0_arm64.whl", hash = "sha256:4b6481b228d072315b053210b01ac320e1be243dc17f9e5887ef167f23f5fae4", size = 13361642, upload-time = "2026-04-21T17:06:53.742Z" },
    { url = "https://files.pythonhosted.org/packages/d1/14/eb377acf78c03c92d566a1510cda8137348215b5335085ef662ab82ecd3a/mypy-1.20.2-cp312-cp312-manylinux2014_aarch64.manylinux_2_17_aarch64.manylinux_2_28_aarch64.whl", hash = "sha256:34397cdced6b90b836e38182076049fdb41424322e0b0728c946b0939ebdf9f6", size = 13740347, upload-time = "2026-04-21T17:12:04.73Z" },
    { url = "https://files.pythonhosted.org/packages/b9/94/7e4634a32b641aa1c112422eed1bbece61ee16205f674190e8b536f884de/mypy-1.20.2-cp312-cp312-manylinux2014_x86_64.manylinux_2_17_x86_64.manylinux_2_28_x86_64.whl", hash = "sha256:a5da6976f20cae27059ea8d0c86e7cef3de720e04c4bb9ee18e3690fdb792066", size = 14734042, upload-time = "2026-04-21T17:07:43.16Z" },
    { url = "https://files.pythonhosted.org/packages/7a/f3/f7e62395cb7f434541b4491a01149a4439e28ace4c0c632bbf5431e92d1f/mypy-1.20.2-cp312-cp312-musllinux_1_2_x86_64.whl", hash = "sha256:56908d7e08318d39f85b1f0c6cfd47b0cac1a130da677630dac0de3e0623e102", size = 14964958, upload-time = "2026-04-21T17:11:00.665Z" },
    { url = "https://files.pythonhosted.org/packages/3e/0d/47e3c3a0ec2a876e35aeac365df3cac7776c36bbd4ed18cc521e1b9d255b/mypy-1.20.2-cp312-cp312-win_amd64.whl", hash = "sha256:d52ad8d78522da1d308789df651ee5379088e77c76cb1994858d40a426b343b9", size = 10911340, upload-time = "2026-04-21T17:10:49.179Z" },
    { url = "https://files.pythonhosted.org/packages/d6/b2/6c852d72e0ea8b01f49da817fb52539993cde327e7d010e0103dc12d0dac/mypy-1.20.2-cp312-cp312-win_arm64.whl", hash = "sha256:785b08db19c9f214dc37d65f7c165d19a30fcecb48abfa30f31b01b5acaabb58", size = 9833947, upload-time = "2026-04-21T17:09:05.267Z" },
    { url = "https://files.pythonhosted.org/packages/28/9a/f23c163e25b11074188251b0b5a0342625fc1cdb6af604757174fa9acc9b/mypy-1.20.2-py3-none-any.whl", hash = "sha256:a94c5a76ab46c5e6257c7972b6c8cff0574201ca7dc05647e33e795d78680563", size = 2637314, upload-time = "2026-04-21T17:05:54.5Z" },
]

[[package]]
name = "mypy-extensions"
version = "1.1.0"
source = { registry = "https://pypi.org/simple" }
sdist = { url = "https://files.pythonhosted.org/packages/a2/6e/371856a3fb9d31ca8dac321cda606860fa4548858c0cc45d9d1d4ca2628b/mypy_extensions-1.1.0.tar.gz", hash = "sha256:52e68efc3284861e772bbcd66823fde5ae21fd2fdb51c62a211403730b916558", size = 6343, upload-time = "2025-04-22T14:54:24.164Z" }
wheels = [
    { url = "https://files.pythonhosted.org/packages/79/7b/2c79738432f5c924bef5071f933bcc9efd0473bac3b4aa584a6f7c1c8df8/mypy_extensions-1.1.0-py3-none-any.whl", hash = "sha256:1be4cccdb0f2482337c4743e60421de3a356cd97508abadd57d47403e94f5505", size = 4963, upload-time = "2025-04-22T14:54:22.983Z" },
]

[[package]]
name = "nodeenv"
version = "1.10.0"
source = { registry = "https://pypi.org/simple" }
sdist = { url = "https://files.pythonhosted.org/packages/24/bf/d1bda4f6168e0b2e9e5958945e01910052158313224ada5ce1fb2e1113b8/nodeenv-1.10.0.tar.gz", hash = "sha256:996c191ad80897d076bdfba80a41994c2b47c68e224c542b48feba42ba00f8bb", size = 55611, upload-time = "2025-12-20T14:08:54.006Z" }
wheels = [
    { url = "https://files.pythonhosted.org/packages/88/b2/d0896bdcdc8d28a7fc5717c305f1a861c26e18c05047949fb371034d98bd/nodeenv-1.10.0-py2.py3-none-any.whl", hash = "sha256:5bb13e3eed2923615535339b3c620e76779af4cb4c6a90deccc9e36b274d3827", size = 23438, upload-time = "2025-12-20T14:08:52.782Z" },
]

[[package]]
name = "pathspec"
version = "1.1.1"
source = { registry = "https://pypi.org/simple" }
sdist = { url = "https://files.pythonhosted.org/packages/5a/82/42f767fc1c1143d6fd36efb827202a2d997a375e160a71eb2888a925aac1/pathspec-1.1.1.tar.gz", hash = "sha256:17db5ecd524104a120e173814c90367a96a98d07c45b2e10c2f3919fff91bf5a", size = 135180, upload-time = "2026-04-27T01:46:08.907Z" }
wheels = [
    { url = "https://files.pythonhosted.org/packages/f1/d9/7fb5aa316bc299258e68c73ba3bddbc499654a07f151cba08f6153988714/pathspec-1.1.1-py3-none-any.whl", hash = "sha256:a00ce642f577bf7f473932318056212bc4f8bfdf53128c78bbd5af0b9b20b189", size = 57328, upload-time = "2026-04-27T01:46:07.06Z" },
]

[[package]]
name = "pycairo"
version = "1.29.0"
source = { registry = "https://pypi.org/simple" }
sdist = { url = "https://files.pythonhosted.org/packages/22/d9/1728840a22a4ef8a8f479b9156aa2943cd98c3907accd3849fb0d5f82bfd/pycairo-1.29.0.tar.gz", hash = "sha256:f3f7fde97325cae80224c09f12564ef58d0d0f655da0e3b040f5807bd5bd3142", size = 665871, upload-time = "2025-11-11T19:13:01.584Z" }
wheels = [
    { url = "https://files.pythonhosted.org/packages/f6/28/6363087b9e60af031398a6ee5c248639eefc6cc742884fa2789411b1f73b/pycairo-1.29.0-cp312-cp312-win32.whl", hash = "sha256:91bcd7b5835764c616a615d9948a9afea29237b34d2ed013526807c3d79bb1d0", size = 751486, upload-time = "2025-11-11T19:11:54.451Z" },
    { url = "https://files.pythonhosted.org/packages/3a/d2/d146f1dd4ef81007686ac52231dd8f15ad54cf0aa432adaefc825475f286/pycairo-1.29.0-cp312-cp312-win_amd64.whl", hash = "sha256:3f01c3b5e49ef9411fff6bc7db1e765f542dc1c9cfed4542958a5afa3a8b8e76", size = 845383, upload-time = "2025-11-11T19:12:01.551Z" },
    { url = "https://files.pythonhosted.org/packages/01/16/6e6f33bb79ec4a527c9e633915c16dc55a60be26b31118dbd0d5859e8c51/pycairo-1.29.0-cp312-cp312-win_arm64.whl", hash = "sha256:eafe3d2076f3533535ad4a361fa0754e0ee66b90e548a3a0f558fed00b1248f2", size = 694518, upload-time = "2025-11-11T19:12:06.561Z" },
]

[[package]]
name = "pygobject"
version = "3.50.2"
source = { registry = "https://pypi.org/simple" }
dependencies = [
    { name = "pycairo" },
]
sdist = { url = "https://files.pythonhosted.org/packages/a7/5d/f2946cc6c1baf56dee6e942af8cfa16472538a8ad9d780d9f484e7554288/pygobject-3.50.2.tar.gz", hash = "sha256:ece6b860aab77cb649fdfc6e88d8a83765e7a62f7ffd39a628d6e2a0d397a7ff", size = 1085854, upload-time = "2025-10-18T13:44:45.634Z" }

[[package]]
name = "pyright"
version = "1.1.409"
source = { registry = "https://pypi.org/simple" }
dependencies = [
    { name = "nodeenv" },
    { name = "typing-extensions" },
]
sdist = { url = "https://files.pythonhosted.org/packages/51/4e/3aa27f74211522dba7e9cbc3e74de779c6d4b654c54e50a4840623be8014/pyright-1.1.409.tar.gz", hash = "sha256:986ee05beca9e077c165758ad123667c679e050059a2546aa02473930394bc93", size = 4430434, upload-time = "2026-04-23T11:02:03.799Z" }
wheels = [
    { url = "https://files.pythonhosted.org/packages/16/6b/330d8ebae582b30c2959a1ef4c3bc344ebde48c2ff0c3f113c4710735e11/pyright-1.1.409-py3-none-any.whl", hash = "sha256:aa3ea228cab90c845c7a60d28db7a844c04315356392aa09fafcee98c8c22fb3", size = 6438161, upload-time = "2026-04-23T11:02:01.309Z" },
]

[[package]]
name = "rpi-keyboard-switcher-tools"
version = "0.1.0"
source = { virtual = "." }

[package.optional-dependencies]
runtime = [
    { name = "dbus-python" },
    { name = "pygobject" },
]

[package.dev-dependencies]
dev = [
    { name = "mypy" },
    { name = "pyright" },
    { name = "ruff" },
]

[package.metadata]
requires-dist = [
    { name = "dbus-python", marker = "extra == 'runtime'", specifier = ">=1.4.0,<2" },
    { name = "pygobject", marker = "extra == 'runtime'", specifier = ">=3.50.0,<3.51" },
]
provides-extras = ["runtime"]

[package.metadata.requires-dev]
dev = [
    { name = "mypy", specifier = ">=1.19.0,<2" },
    { name = "pyright", specifier = ">=1.1.407,<2" },
    { name = "ruff", specifier = ">=0.15.12,<0.16" },
]

[[package]]
name = "ruff"
version = "0.15.13"
source = { registry = "https://pypi.org/simple" }
sdist = { url = "https://files.pythonhosted.org/packages/24/21/a7d5c126d5b557715ef81098f3db2fe20f622a039ff2e626af28d674ab80/ruff-0.15.13.tar.gz", hash = "sha256:f9d89f17f7ba7fb2ed42921f0df75da797a9a5d71bc39049e2c687cf2baf44b7", size = 4678180, upload-time = "2026-05-14T13:44:37.869Z" }
wheels = [
    { url = "https://files.pythonhosted.org/packages/c6/61/11d458dc6ac22504fd8e237b29dfd40504c7fbbcc8930402cfe51a8e63ed/ruff-0.15.13-py3-none-linux_armv6l.whl", hash = "sha256:444b580fc72fd6887e650acd3e575e18cdc79dbcf42fb4030b491057921f61f8", size = 10738279, upload-time = "2026-05-14T13:44:18.7Z" },
    { url = "https://files.pythonhosted.org/packages/86/ca/caa871ee7be718c45256fada4e16a218ee3e33f0c4a46b729a60a24912e6/ruff-0.15.13-py3-none-macosx_10_12_x86_64.whl", hash = "sha256:6590d009e7cb7ebf36f83dbdd44a3fa48a0994ff6f1cdc1b08006abe58f98dc7", size = 11124798, upload-time = "2026-05-14T13:44:06.427Z" },
    { url = "https://files.pythonhosted.org/packages/d3/19/43f5f2e568dddde567fc41f8471f9432c09563e19d3e617a48cfa52f8f0a/ruff-0.15.13-py3-none-macosx_11_0_arm64.whl", hash = "sha256:1c26d2f66163deeb6e08d8b39fbbe983ce3c71cea06a6d7591cfd1421793c629", size = 10460761, upload-time = "2026-05-14T13:44:04.375Z" },
    { url = "https://files.pythonhosted.org/packages/99/df/cf938cd6de3003178f03ad7c1ea2a6c099468c03a35037985070b37e76be/ruff-0.15.13-py3-none-manylinux_2_17_aarch64.manylinux2014_aarch64.whl", hash = "sha256:9dbd6f94b434f896308e4d57fb7bfde0d02b99f7a64b3bdab0fdfa6a864203a5", size = 10804451, upload-time = "2026-05-14T13:44:25.221Z" },
    { url = "https://files.pythonhosted.org/packages/c7/7d/5d0973129b154ded2225729169d7068f26b467760b146493fde138415f23/ruff-0.15.13-py3-none-manylinux_2_17_armv7l.manylinux2014_armv7l.whl", hash = "sha256:bf3259f3be4d181bda591da5db2571aed6853c6a048157756448020bc6c5cd22", size = 10534285, upload-time = "2026-05-14T13:44:08.888Z" },
    { url = "https://files.pythonhosted.org/packages/1f/e3/6b999bbc66cd51e5f073842bc2a3995e99c5e0e72e16b15e7261f7abf57a/ruff-0.15.13-py3-none-manylinux_2_17_i686.manylinux2014_i686.whl", hash = "sha256:ae9c17e5eb4430c154e76abc25d79a318190f5a997f38fb6b114416c5319ffc9", size = 11312063, upload-time = "2026-05-14T13:44:11.274Z" },
    { url = "https://files.pythonhosted.org/packages/af/5a/642639e9f5db04f1e97fbd6e091c6fd20725bdf072fb114d00eefb9e6eb8/ruff-0.15.13-py3-none-manylinux_2_17_ppc64le.manylinux2014_ppc64le.whl", hash = "sha256:2e2e39bff6c341f4b577a21b801326fab0b11847f48fcaa83f00a113c9b3cb55", size = 12183079, upload-time = "2026-05-14T13:44:01.634Z" },
    { url = "https://files.pythonhosted.org/packages/19/4c/7585735f6b53b0f12de13618b2f7d250a844f018822efc899df2e7b8295f/ruff-0.15.13-py3-none-manylinux_2_17_s390x.manylinux2014_s390x.whl", hash = "sha256:e8d9a8e08013542e94d3220bc5b62cc3e5ef87c5f74bff367d3fac14fab013e6", size = 11440833, upload-time = "2026-05-14T13:43:59.043Z" },
    { url = "https://files.pythonhosted.org/packages/e8/31/bf1a0803d077e679cfeee5f2f67290a0fa79c7385b5d9a8c17b9db2c48f0/ruff-0.15.13-py3-none-manylinux_2_17_x86_64.manylinux2014_x86_64.whl", hash = "sha256:cc411dfebe5eebe55ce041c6ae080eb7668955e866daa2fbb16692a784f1c4ca", size = 11434486, upload-time = "2026-05-14T13:44:27.761Z" },
    { url = "https://files.pythonhosted.org/packages/e1/4e/62c9b999875d4f14db80f277c030578f5e249c9852d65b7ac7ad0b43c041/ruff-0.15.13-py3-none-manylinux_2_31_riscv64.whl", hash = "sha256:768494eb08b9cee54e2fd27969966f74db5a57f6eaa7a90fcb3306af34dfc4bd", size = 11385189, upload-time = "2026-05-14T13:44:13.704Z" },
    { url = "https://files.pythonhosted.org/packages/fc/89/7e959047a104df3eb12863447c110140191fc5b6c4f379ea2e803fcdb0e4/ruff-0.15.13-py3-none-musllinux_1_2_aarch64.whl", hash = "sha256:fb75f9a3a7e42ffe117d734494e6c5e5cb3565d66e12612cb63d0e572a41a5b6", size = 10781380, upload-time = "2026-05-14T13:43:56.734Z" },
    { url = "https://files.pythonhosted.org/packages/ff/52/5fd18f3b88cab63e88aa11516b3b4e1e5f720e5c330f8dbe5c26210f41f8/ruff-0.15.13-py3-none-musllinux_1_2_armv7l.whl", hash = "sha256:8cb74dd33bb2f6613faf7fc03b660053b5ac4f80e706d5788c6335e2a8048d51", size = 10540605, upload-time = "2026-05-14T13:44:20.748Z" },
    { url = "https://files.pythonhosted.org/packages/e8/e0/9e35f338990d3e41a82875ff7053ffe97541dae81c9d02143177f381d572/ruff-0.15.13-py3-none-musllinux_1_2_i686.whl", hash = "sha256:7ef823f817fcd191dc934e984be9cf4094f808effa16f2542ad8e821ba02bbf2", size = 11036554, upload-time = "2026-05-14T13:44:16.256Z" },
    { url = "https://files.pythonhosted.org/packages/c2/13/070fb048c24080fba188f66371e2a92785be257ad02242066dc7255ac6e9/ruff-0.15.13-py3-none-musllinux_1_2_x86_64.whl", hash = "sha256:f345a13937bd7f09f6f5d19fa0721b0c103e00e7f62bc67089a8e5e037719e0b", size = 11528133, upload-time = "2026-05-14T13:44:22.808Z" },
    { url = "https://files.pythonhosted.org/packages/6b/8c/b1e1666aef7fc6555094d73ae6cd981701781ae85b97ceefc0eebd0b4668/ruff-0.15.13-py3-none-win32.whl", hash = "sha256:4044f94208b3b05ba0fc4a4abd0558cf4d6459bd18325eead7fd8cc66f909b41", size = 10721455, upload-time = "2026-05-14T13:44:35.697Z" },
    { url = "https://files.pythonhosted.org/packages/ab/a6/870a3e8a50590bb92be184ad928c2922f088b00d9dc5c5ec7b924ee08c22/ruff-0.15.13-py3-none-win_amd64.whl", hash = "sha256:7064884d442b7d477b4e7473d12da7f08851d2b1982763c5d3f388a19468a1a4", size = 11900409, upload-time = "2026-05-14T13:44:30.389Z" },
    { url = "https://files.pythonhosted.org/packages/9b/36/9c015cd052fca743dae8cb2aeb16b551444787467db42ceab0fc968865af/ruff-0.15.13-py3-none-win_arm64.whl", hash = "sha256:2471da9bd1068c8c064b5fd9c0c4b6dddffd6369cb1cd68b29993b1709ff1b21", size = 11179336, upload-time = "2026-05-14T13:44:33.026Z" },
]

[[package]]
name = "typing-extensions"
version = "4.15.0"
source = { registry = "https://pypi.org/simple" }
sdist = { url = "https://files.pythonhosted.org/packages/72/94/1a15dd82efb362ac84269196e94cf00f187f7ed21c242792a923cdb1c61f/typing_extensions-4.15.0.tar.gz", hash = "sha256:0cea48d173cc12fa28ecabc3b837ea3cf6f38c6d1136f85cbaaf598984861466", size = 109391, upload-time = "2025-08-25T13:49:26.313Z" }
wheels = [
    { url = "https://files.pythonhosted.org/packages/18/67/36e9267722cc04a6b9f15c7f3441c2363321a3ea07da7ae0c0707beb2a9c/typing_extensions-4.15.0-py3-none-any.whl", hash = "sha256:f0fa19c6845758ab08074a0cfa8b7aecb71c999ca73d62883bc25cc018c4e548", size = 44614, upload-time = "2025-08-25T13:49:24.86Z" },
]
